// !$*UTF8*$!
{
	archiveVersion = 1;
	classes = {
	};
	objectVersion = 50;
	objects = {

/* Begin PBXBuildFile section */
		BC063BB0244FF0F90009C4E7 /* NSString+CodeBuilder.m in Sources */ = {isa = PBXBuildFile; fileRef = BC063BAF244FF0F90009C4E7 /* NSString+CodeBuilder.m */; };
		BC063BB3244FF40F0009C4E7 /* SKCodeBuilder.m in Sources */ = {isa = PBXBuildFile; fileRef = BC063BB2244FF40F0009C4E7 /* SKCodeBuilder.m */; };
		BC55BC3F2466AF4E00BD4CC8 /* ExampleHandyJSONModel.swift in Sources */ = {isa = PBXBuildFile; fileRef = BC55BC3D2466AF4E00BD4CC8 /* ExampleHandyJSONModel.swift */; };
		BC55BC402466AF4E00BD4CC8 /* HandyJSONTest.swift in Sources */ = {isa = PBXBuildFile; fileRef = BC55BC3E2466AF4E00BD4CC8 /* HandyJSONTest.swift */; };
		BC55BC422466AFA900BD4CC8 /* ExampleWeiboModel.swift in Sources */ = {isa = PBXBuildFile; fileRef = BC55BC412466AFA900BD4CC8 /* ExampleWeiboModel.swift */; };
		BC55BC4E2466B6AE00BD4CC8 /* ExampleMJExtensionModel.m in Sources */ = {isa = PBXBuildFile; fileRef = BC55BC4C2466B6AE00BD4CC8 /* ExampleMJExtensionModel.m */; };
		BC55BC542466B71700BD4CC8 /* ExampleYYModel.m in Sources */ = {isa = PBXBuildFile; fileRef = BC55BC522466B71700BD4CC8 /* ExampleYYModel.m */; };
		BC78816E2463F6E9004BFC68 /* SKCodeBuilder+Swift.m in Sources */ = {isa = PBXBuildFile; fileRef = BC78816D2463F6E9004BFC68 /* SKCodeBuilder+Swift.m */; };
		BC7AD139243DB64F009ADE2F /* AppDelegate.m in Sources */ = {isa = PBXBuildFile; fileRef = BC7AD138243DB64F009ADE2F /* AppDelegate.m */; };
		BC7AD13C243DB64F009ADE2F /* ViewController.m in Sources */ = {isa = PBXBuildFile; fileRef = BC7AD13B243DB64F009ADE2F /* ViewController.m */; };
		BC7AD13E243DB650009ADE2F /* Assets.xcassets in Resources */ = {isa = PBXBuildFile; fileRef = BC7AD13D243DB650009ADE2F /* Assets.xcassets */; };
		BC7AD141243DB650009ADE2F /* Main.storyboard in Resources */ = {isa = PBXBuildFile; fileRef = BC7AD13F243DB650009ADE2F /* Main.storyboard */; };
		BC7AD144243DB650009ADE2F /* main.m in Sources */ = {isa = PBXBuildFile; fileRef = BC7AD143243DB650009ADE2F /* main.m */; };
		BC9A940A2457F513009B9A27 /* ExampleModel.m in Sources */ = {isa = PBXBuildFile; fileRef = BC9A94092457F513009B9A27 /* ExampleModel.m */; };
/* End PBXBuildFile section */

/* Begin PBXFileReference section */
		BC063BAE244FF0F90009C4E7 /* NSString+CodeBuilder.h */ = {isa = PBXFileReference; lastKnownFileType = sourcecode.c.h; path = "NSString+CodeBuilder.h"; sourceTree = "<group>"; };
		BC063BAF244FF0F90009C4E7 /* NSString+CodeBuilder.m */ = {isa = PBXFileReference; lastKnownFileType = sourcecode.c.objc; path = "NSString+CodeBuilder.m"; sourceTree = "<group>"; };
		BC063BB1244FF40F0009C4E7 /* SKCodeBuilder.h */ = {isa = PBXFileReference; lastKnownFileType = sourcecode.c.h; path = SKCodeBuilder.h; sourceTree = "<group>"; };
		BC063BB2244FF40F0009C4E7 /* SKCodeBuilder.m */ = {isa = PBXFileReference; lastKnownFileType = sourcecode.c.objc; path = SKCodeBuilder.m; sourceTree = "<group>"; };
		BC55BC372466953600BD4CC8 /* SKCodeBuilderHeader.h */ = {isa = PBXFileReference; lastKnownFileType = sourcecode.c.h; path = SKCodeBuilderHeader.h; sourceTree = "<group>"; };
		BC55BC382466969100BD4CC8 /* SKCodeBuilder-Bridging-Header.h */ = {isa = PBXFileReference; lastKnownFileType = sourcecode.c.h; path = "SKCodeBuilder-Bridging-Header.h"; sourceTree = "<group>"; };
		BC55BC3D2466AF4E00BD4CC8 /* ExampleHandyJSONModel.swift */ = {isa = PBXFileReference; fileEncoding = 4; lastKnownFileType = sourcecode.swift; path = ExampleHandyJSONModel.swift; sourceTree = "<group>"; };
		BC55BC3E2466AF4E00BD4CC8 /* HandyJSONTest.swift */ = {isa = PBXFileReference; fileEncoding = 4; lastKnownFileType = sourcecode.swift; path = HandyJSONTest.swift; sourceTree = "<group>"; };
		BC55BC412466AFA900BD4CC8 /* ExampleWeiboModel.swift */ = {isa = PBXFileReference; fileEncoding = 4; lastKnownFileType = sourcecode.swift; path = ExampleWeiboModel.swift; sourceTree = "<group>"; };
		BC55BC4C2466B6AE00BD4CC8 /* ExampleMJExtensionModel.m */ = {isa = PBXFileReference; fileEncoding = 4; lastKnownFileType = sourcecode.c.objc; path = ExampleMJExtensionModel.m; sourceTree = "<group>"; };
		BC55BC4D2466B6AE00BD4CC8 /* ExampleMJExtensionModel.h */ = {isa = PBXFileReference; fileEncoding = 4; lastKnownFileType = sourcecode.c.h; path = ExampleMJExtensionModel.h; sourceTree = "<group>"; };
		BC55BC522466B71700BD4CC8 /* ExampleYYModel.m */ = {isa = PBXFileReference; fileEncoding = 4; lastKnownFileType = sourcecode.c.objc; path = ExampleYYModel.m; sourceTree = "<group>"; };
		BC55BC532466B71700BD4CC8 /* ExampleYYModel.h */ = {isa = PBXFileReference; fileEncoding = 4; lastKnownFileType = sourcecode.c.h; path = ExampleYYModel.h; sourceTree = "<group>"; };
		BC78816C2463F6E9004BFC68 /* SKCodeBuilder+Swift.h */ = {isa = PBXFileReference; lastKnownFileType = sourcecode.c.h; path = "SKCodeBuilder+Swift.h"; sourceTree = "<group>"; };
		BC78816D2463F6E9004BFC68 /* SKCodeBuilder+Swift.m */ = {isa = PBXFileReference; lastKnownFileType = sourcecode.c.objc; path = "SKCodeBuilder+Swift.m"; sourceTree = "<group>"; };
		BC7AD134243DB64F009ADE2F /* SKCodeBuilder.app */ = {isa = PBXFileReference; explicitFileType = wrapper.application; includeInIndex = 0; path = SKCodeBuilder.app; sourceTree = BUILT_PRODUCTS_DIR; };
		BC7AD137243DB64F009ADE2F /* AppDelegate.h */ = {isa = PBXFileReference; lastKnownFileType = sourcecode.c.h; path = AppDelegate.h; sourceTree = "<group>"; };
		BC7AD138243DB64F009ADE2F /* AppDelegate.m */ = {isa = PBXFileReference; lastKnownFileType = sourcecode.c.objc; path = AppDelegate.m; sourceTree = "<group>"; };
		BC7AD13A243DB64F009ADE2F /* ViewController.h */ = {isa = PBXFileReference; lastKnownFileType = sourcecode.c.h; path = ViewController.h; sourceTree = "<group>"; };
		BC7AD13B243DB64F009ADE2F /* ViewController.m */ = {isa = PBXFileReference; lastKnownFileType = sourcecode.c.objc; path = ViewController.m; sourceTree = "<group>"; };
		BC7AD13D243DB650009ADE2F /* Assets.xcassets */ = {isa = PBXFileReference; lastKnownFileType = folder.assetcatalog; path = Assets.xcassets; sourceTree = "<group>"; };
		BC7AD140243DB650009ADE2F /* Base */ = {isa = PBXFileReference; lastKnownFileType = file.storyboard; name = Base; path = Base.lproj/Main.storyboard; sourceTree = "<group>"; };
		BC7AD142243DB650009ADE2F /* Info.plist */ = {isa = PBXFileReference; lastKnownFileType = text.plist.xml; path = Info.plist; sourceTree = "<group>"; };
		BC7AD143243DB650009ADE2F /* main.m */ = {isa = PBXFileReference; lastKnownFileType = sourcecode.c.objc; path = main.m; sourceTree = "<group>"; };
		BC7AD145243DB650009ADE2F /* SKCodeBuilder.entitlements */ = {isa = PBXFileReference; lastKnownFileType = text.plist.entitlements; path = SKCodeBuilder.entitlements; sourceTree = "<group>"; };
		BC9A94082457F513009B9A27 /* ExampleModel.h */ = {isa = PBXFileReference; fileEncoding = 4; lastKnownFileType = sourcecode.c.h; path = ExampleModel.h; sourceTree = "<group>"; };
		BC9A94092457F513009B9A27 /* ExampleModel.m */ = {isa = PBXFileReference; fileEncoding = 4; lastKnownFileType = sourcecode.c.objc; path = ExampleModel.m; sourceTree = "<group>"; };
/* End PBXFileReference section */

/* Begin PBXFrameworksBuildPhase section */
		BC7AD131243DB64F009ADE2F /* Frameworks */ = {
			isa = PBXFrameworksBuildPhase;
			buildActionMask = 2147483647;
			files = (
			);
			runOnlyForDeploymentPostprocessing = 0;
		};
/* End PBXFrameworksBuildPhase section */

/* Begin PBXGroup section */
		BC55BC322466928800BD4CC8 /* SKCodeBuilder */ = {
			isa = PBXGroup;
			children = (
				BC55BC372466953600BD4CC8 /* SKCodeBuilderHeader.h */,
				BC063BB1244FF40F0009C4E7 /* SKCodeBuilder.h */,
				BC063BB2244FF40F0009C4E7 /* SKCodeBuilder.m */,
				BC78816C2463F6E9004BFC68 /* SKCodeBuilder+Swift.h */,
				BC78816D2463F6E9004BFC68 /* SKCodeBuilder+Swift.m */,
				BC063BAE244FF0F90009C4E7 /* NSString+CodeBuilder.h */,
				BC063BAF244FF0F90009C4E7 /* NSString+CodeBuilder.m */,
			);
			path = SKCodeBuilder;
			sourceTree = "<group>";
		};
		BC55BC33246692A400BD4CC8 /* Examples */ = {
			isa = PBXGroup;
			children = (
				BC9A94082457F513009B9A27 /* ExampleModel.h */,
				BC9A94092457F513009B9A27 /* ExampleModel.m */,
				BC55BC532466B71700BD4CC8 /* ExampleYYModel.h */,
				BC55BC522466B71700BD4CC8 /* ExampleYYModel.m */,
				BC55BC4D2466B6AE00BD4CC8 /* ExampleMJExtensionModel.h */,
				BC55BC4C2466B6AE00BD4CC8 /* ExampleMJExtensionModel.m */,
				BC55BC412466AFA900BD4CC8 /* ExampleWeiboModel.swift */,
				BC55BC3D2466AF4E00BD4CC8 /* ExampleHandyJSONModel.swift */,
				BC55BC3E2466AF4E00BD4CC8 /* HandyJSONTest.swift */,
			);
			path = Examples;
			sourceTree = "<group>";
		};
		BC7AD12B243DB64E009ADE2F = {
			isa = PBXGroup;
			children = (
				BC7AD136243DB64F009ADE2F /* SKCodeBuilder */,
				BC7AD135243DB64F009ADE2F /* Products */,
			);
			sourceTree = "<group>";
		};
		BC7AD135243DB64F009ADE2F /* Products */ = {
			isa = PBXGroup;
			children = (
				BC7AD134243DB64F009ADE2F /* SKCodeBuilder.app */,
			);
			name = Products;
			sourceTree = "<group>";
		};
		BC7AD136243DB64F009ADE2F /* SKCodeBuilder */ = {
			isa = PBXGroup;
			children = (
				BC7AD137243DB64F009ADE2F /* AppDelegate.h */,
				BC7AD138243DB64F009ADE2F /* AppDelegate.m */,
				BC7AD13A243DB64F009ADE2F /* ViewController.h */,
				BC7AD13B243DB64F009ADE2F /* ViewController.m */,
				BC55BC33246692A400BD4CC8 /* Examples */,
				BC55BC322466928800BD4CC8 /* SKCodeBuilder */,
				BC7AD13D243DB650009ADE2F /* Assets.xcassets */,
				BC7AD13F243DB650009ADE2F /* Main.storyboard */,
				BC7AD142243DB650009ADE2F /* Info.plist */,
				BC7AD143243DB650009ADE2F /* main.m */,
				BC55BC382466969100BD4CC8 /* SKCodeBuilder-Bridging-Header.h */,
				BC7AD145243DB650009ADE2F /* SKCodeBuilder.entitlements */,
			);
			path = SKCodeBuilder;
			sourceTree = "<group>";
		};
/* End PBXGroup section */

/* Begin PBXNativeTarget section */
		BC7AD133243DB64F009ADE2F /* SKCodeBuilder */ = {
			isa = PBXNativeTarget;
			buildConfigurationList = BC7AD148243DB650009ADE2F /* Build configuration list for PBXNativeTarget "SKCodeBuilder" */;
			buildPhases = (
				BC7AD130243DB64F009ADE2F /* Sources */,
				BC7AD131243DB64F009ADE2F /* Frameworks */,
				BC7AD132243DB64F009ADE2F /* Resources */,
			);
			buildRules = (
			);
			dependencies = (
			);
			name = SKCodeBuilder;
			productName = SKCodeBuilder;
			productReference = BC7AD134243DB64F009ADE2F /* SKCodeBuilder.app */;
			productType = "com.apple.product-type.application";
		};
/* End PBXNativeTarget section */

/* Begin PBXProject section */
		BC7AD12C243DB64E009ADE2F /* Project object */ = {
			isa = PBXProject;
			attributes = {
				LastUpgradeCheck = 1130;
				ORGANIZATIONNAME = wushangkun;
				TargetAttributes = {
					BC7AD133243DB64F009ADE2F = {
						CreatedOnToolsVersion = 11.3.1;
						LastSwiftMigration = 1130;
					};
				};
			};
			buildConfigurationList = BC7AD12F243DB64E009ADE2F /* Build configuration list for PBXProject "SKCodeBuilder" */;
			compatibilityVersion = "Xcode 9.3";
			developmentRegion = en;
			hasScannedForEncodings = 0;
			knownRegions = (
				en,
				Base,
			);
			mainGroup = BC7AD12B243DB64E009ADE2F;
			productRefGroup = BC7AD135243DB64F009ADE2F /* Products */;
			projectDirPath = "";
			projectRoot = "";
			targets = (
				BC7AD133243DB64F009ADE2F /* SKCodeBuilder */,
			);
		};
/* End PBXProject section */

/* Begin PBXResourcesBuildPhase section */
		BC7AD132243DB64F009ADE2F /* Resources */ = {
			isa = PBXResourcesBuildPhase;
			buildActionMask = 2147483647;
			files = (
				BC7AD13E243DB650009ADE2F /* Assets.xcassets in Resources */,
				BC7AD141243DB650009ADE2F /* Main.storyboard in Resources */,
			);
			runOnlyForDeploymentPostprocessing = 0;
		};
/* End PBXResourcesBuildPhase section */

/* Begin PBXSourcesBuildPhase section */
		BC7AD130243DB64F009ADE2F /* Sources */ = {
			isa = PBXSourcesBuildPhase;
			buildActionMask = 2147483647;
			files = (
				BC063BB3244FF40F0009C4E7 /* SKCodeBuilder.m in Sources */,
				BC55BC4E2466B6AE00BD4CC8 /* ExampleMJExtensionModel.m in Sources */,
				BC55BC542466B71700BD4CC8 /* ExampleYYModel.m in Sources */,
				BC55BC402466AF4E00BD4CC8 /* HandyJSONTest.swift in Sources */,
				BC55BC422466AFA900BD4CC8 /* ExampleWeiboModel.swift in Sources */,
				BC7AD13C243DB64F009ADE2F /* ViewController.m in Sources */,
				BC7AD144243DB650009ADE2F /* main.m in Sources */,
				BC9A940A2457F513009B9A27 /* ExampleModel.m in Sources */,
				BC55BC3F2466AF4E00BD4CC8 /* ExampleHandyJSONModel.swift in Sources */,
				BC78816E2463F6E9004BFC68 /* SKCodeBuilder+Swift.m in Sources */,
				BC063BB0244FF0F90009C4E7 /* NSString+CodeBuilder.m in Sources */,
				BC7AD139243DB64F009ADE2F /* AppDelegate.m in Sources */,
			);
			runOnlyForDeploymentPostprocessing = 0;
		};
/* End PBXSourcesBuildPhase section */

/* Begin PBXVariantGroup section */
		BC7AD13F243DB650009ADE2F /* Main.storyboard */ = {
			isa = PBXVariantGroup;
			children = (
				BC7AD140243DB650009ADE2F /* Base */,
			);
			name = Main.storyboard;
			sourceTree = "<group>";
		};
/* End PBXVariantGroup section */

/* Begin XCBuildConfiguration section */
		BC7AD146243DB650009ADE2F /* Debug */ = {
			isa = XCBuildConfiguration;
			buildSettings = {
				ALWAYS_SEARCH_USER_PATHS = NO;
				CLANG_ANALYZER_NONNULL = YES;
				CLANG_ANALYZER_NUMBER_OBJECT_CONVERSION = YES_AGGRESSIVE;
				CLANG_CXX_LANGUAGE_STANDARD = "gnu++14";
				CLANG_CXX_LIBRARY = "libc++";
				CLANG_ENABLE_MODULES = YES;
				CLANG_ENABLE_OBJC_ARC = YES;
				CLANG_ENABLE_OBJC_WEAK = YES;
				CLANG_WARN_BLOCK_CAPTURE_AUTORELEASING = YES;
				CLANG_WARN_BOOL_CONVERSION = YES;
				CLANG_WARN_COMMA = YES;
				CLANG_WARN_CONSTANT_CONVERSION = YES;
				CLANG_WARN_DEPRECATED_OBJC_IMPLEMENTATIONS = YES;
				CLANG_WARN_DIRECT_OBJC_ISA_USAGE = YES_ERROR;
				CLANG_WARN_DOCUMENTATION_COMMENTS = YES;
				CLANG_WARN_EMPTY_BODY = YES;
				CLANG_WARN_ENUM_CONVERSION = YES;
				CLANG_WARN_INFINITE_RECURSION = YES;
				CLANG_WARN_INT_CONVERSION = YES;
				CLANG_WARN_NON_LITERAL_NULL_CONVERSION = YES;
				CLANG_WARN_OBJC_IMPLICIT_RETAIN_SELF = YES;
				CLANG_WARN_OBJC_LITERAL_CONVERSION = YES;
				CLANG_WARN_OBJC_ROOT_CLASS = YES_ERROR;
				CLANG_WARN_RANGE_LOOP_ANALYSIS = YES;
				CLANG_WARN_STRICT_PROTOTYPES = YES;
				CLANG_WARN_SUSPICIOUS_MOVE = YES;
				CLANG_WARN_UNGUARDED_AVAILABILITY = YES_AGGRESSIVE;
				CLANG_WARN_UNREACHABLE_CODE = YES;
				CLANG_WARN__DUPLICATE_METHOD_MATCH = YES;
				COPY_PHASE_STRIP = NO;
				DEBUG_INFORMATION_FORMAT = dwarf;
				ENABLE_STRICT_OBJC_MSGSEND = YES;
				ENABLE_TESTABILITY = YES;
				GCC_C_LANGUAGE_STANDARD = gnu11;
				GCC_DYNAMIC_NO_PIC = NO;
				GCC_NO_COMMON_BLOCKS = YES;
				GCC_OPTIMIZATION_LEVEL = 0;
				GCC_PREPROCESSOR_DEFINITIONS = (
					"DEBUG=1",
					"$(inherited)",
				);
				GCC_WARN_64_TO_32_BIT_CONVERSION = YES;
				GCC_WARN_ABOUT_RETURN_TYPE = YES_ERROR;
				GCC_WARN_UNDECLARED_SELECTOR = YES;
				GCC_WARN_UNINITIALIZED_AUTOS = YES_AGGRESSIVE;
				GCC_WARN_UNUSED_FUNCTION = YES;
				GCC_WARN_UNUSED_VARIABLE = YES;
				MACOSX_DEPLOYMENT_TARGET = 10.15;
				MTL_ENABLE_DEBUG_INFO = INCLUDE_SOURCE;
				MTL_FAST_MATH = YES;
				ONLY_ACTIVE_ARCH = YES;
				SDKROOT = macosx;
			};
			name = Debug;
		};
		BC7AD147243DB650009ADE2F /* Release */ = {
			isa = XCBuildConfiguration;
			buildSettings = {
				ALWAYS_SEARCH_USER_PATHS = NO;
				CLANG_ANALYZER_NONNULL = YES;
				CLANG_ANALYZER_NUMBER_OBJECT_CONVERSION = YES_AGGRESSIVE;
				CLANG_CXX_LANGUAGE_STANDARD = "gnu++14";
				CLANG_CXX_LIBRARY = "libc++";
				CLANG_ENABLE_MODULES = YES;
				CLANG_ENABLE_OBJC_ARC = YES;
				CLANG_ENABLE_OBJC_WEAK = YES;
				CLANG_WARN_BLOCK_CAPTURE_AUTORELEASING = YES;
				CLANG_WARN_BOOL_CONVERSION = YES;
				CLANG_WARN_COMMA = YES;
				CLANG_WARN_CONSTANT_CONVERSION = YES;
				CLANG_WARN_DEPRECATED_OBJC_IMPLEMENTATIONS = YES;
				CLANG_WARN_DIRECT_OBJC_ISA_USAGE = YES_ERROR;
				CLANG_WARN_DOCUMENTATION_COMMENTS = YES;
				CLANG_WARN_EMPTY_BODY = YES;
				CLANG_WARN_ENUM_CONVERSION = YES;
				CLANG_WARN_INFINITE_RECURSION = YES;
				CLANG_WARN_INT_CONVERSION = YES;
				CLANG_WARN_NON_LITERAL_NULL_CONVERSION = YES;
				CLANG_WARN_OBJC_IMPLICIT_RETAIN_SELF = YES;
				CLANG_WARN_OBJC_LITERAL_CONVERSION = YES;
				CLANG_WARN_OBJC_ROOT_CLASS = YES_ERROR;
				CLANG_WARN_RANGE_LOOP_ANALYSIS = YES;
				CLANG_WARN_STRICT_PROTOTYPES = YES;
				CLANG_WARN_SUSPICIOUS_MOVE = YES;
				CLANG_WARN_UNGUARDED_AVAILABILITY = YES_AGGRESSIVE;
				CLANG_WARN_UNREACHABLE_CODE = YES;
				CLANG_WARN__DUPLICATE_METHOD_MATCH = YES;
				COPY_PHASE_STRIP = NO;
				DEBUG_INFORMATION_FORMAT = "dwarf-with-dsym";
				ENABLE_NS_ASSERTIONS = NO;
				ENABLE_STRICT_OBJC_MSGSEND = YES;
				GCC_C_LANGUAGE_STANDARD = gnu11;
				GCC_NO_COMMON_BLOCKS = YES;
				GCC_WARN_64_TO_32_BIT_CONVERSION = YES;
				GCC_WARN_ABOUT_RETURN_TYPE = YES_ERROR;
				GCC_WARN_UNDECLARED_SELECTOR = YES;
				GCC_WARN_UNINITIALIZED_AUTOS = YES_AGGRESSIVE;
				GCC_WARN_UNUSED_FUNCTION = YES;
				GCC_WARN_UNUSED_VARIABLE = YES;
				MACOSX_DEPLOYMENT_TARGET = 10.15;
				MTL_ENABLE_DEBUG_INFO = NO;
				MTL_FAST_MATH = YES;
				SDKROOT = macosx;
			};
			name = Release;
		};
		BC7AD149243DB650009ADE2F /* Debug */ = {
			isa = XCBuildConfiguration;
			buildSettings = {
				ASSETCATALOG_COMPILER_APPICON_NAME = AppIcon;
				CLANG_ENABLE_MODULES = YES;
				CODE_SIGN_ENTITLEMENTS = SKCodeBuilder/SKCodeBuilder.entitlements;
				CODE_SIGN_STYLE = Automatic;
				COMBINE_HIDPI_IMAGES = YES;
				INFOPLIST_FILE = SKCodeBuilder/Info.plist;
				LD_RUNPATH_SEARCH_PATHS = (
					"$(inherited)",
					"@executable_path/../Frameworks",
				);
				PRODUCT_BUNDLE_IDENTIFIER = wushangkun.SKCodeBuilder;
				PRODUCT_NAME = "$(TARGET_NAME)";
				SWIFT_OBJC_BRIDGING_HEADER = "SKCodeBuilder/SKCodeBuilder-Bridging-Header.h";
				SWIFT_OPTIMIZATION_LEVEL = "-Onone";
				SWIFT_VERSION = 5.0;
			};
			name = Debug;
		};
		BC7AD14A243DB650009ADE2F /* Release */ = {
			isa = XCBuildConfiguration;
			buildSettings = {
				ASSETCATALOG_COMPILER_APPICON_NAME = AppIcon;
				CLANG_ENABLE_MODULES = YES;
				CODE_SIGN_ENTITLEMENTS = SKCodeBuilder/SKCodeBuilder.entitlements;
				CODE_SIGN_STYLE = Automatic;
				COMBINE_HIDPI_IMAGES = YES;
				INFOPLIST_FILE = SKCodeBuilder/Info.plist;
				LD_RUNPATH_SEARCH_PATHS = (
					"$(inherited)",
					"@executable_path/../Frameworks",
				);
				PRODUCT_BUNDLE_IDENTIFIER = wushangkun.SKCodeBuilder;
				PRODUCT_NAME = "$(TARGET_NAME)";
				SWIFT_OBJC_BRIDGING_HEADER = "SKCodeBuilder/SKCodeBuilder-Bridging-Header.h";
				SWIFT_VERSION = 5.0;
			};
			name = Release;
		};
/* End XCBuildConfiguration section */

/* Begin XCConfigurationList section */
		BC7AD12F243DB64E009ADE2F /* Build configuration list for PBXProject "SKCodeBuilder" */ = {
			isa = XCConfigurationList;
			buildConfigurations = (
				BC7AD146243DB650009ADE2F /* Debug */,
				BC7AD147243DB650009ADE2F /* Release */,
			);
			defaultConfigurationIsVisible = 0;
			defaultConfigurationName = Release;
		};
		BC7AD148243DB650009ADE2F /* Build configuration list for PBXNativeTarget "SKCodeBuilder" */ = {
			isa = XCConfigurationList;
			buildConfigurations = (
				BC7AD149243DB650009ADE2F /* Debug */,
				BC7AD14A243DB650009ADE2F /* Release */,
			);
			defaultConfigurationIsVisible = 0;
			defaultConfigurationName = Release;
		};
/* End XCConfigurationList section */
	};
	rootObject = BC7AD12C243DB64E009ADE2F /* Project object */;
}
